
Microsoft Visual Studio Solution File, Format Version 12.00
# Visual Studio Version 17
VisualStudioVersion = 17.9.34728.123
MinimumVisualStudioVersion = 10.0.40219.1
Project("{9A19103F-16F7-4668-BE54-9A1E7A4F7556}") = "ZynLang", "ZynLang\ZynLang.csproj", "{7917A208-9FDC-4B19-955A-436A0A1D19B7}"
EndProject
Project("{9A19103F-16F7-4668-BE54-9A1E7A4F7556}") = "ZynLangTests", "ZynLangTests\ZynLangTests.csproj", "{E1464959-2BC0-4773-B4DD-509E5539BABB}"
EndProject
Project("{2150E333-8FDC-42A3-9474-1A3956D46DE8}") = "Solution Items", "Solution Items", "{6AEB633C-33C5-4C3E-936A-6C90364B2DE6}"
	ProjectSection(SolutionItems) = preProject
		README.md = README.md
	EndProjectSection
EndProject
Project("{2150E333-8FDC-42A3-9474-1A3956D46DE8}") = "Examples", "Examples", "{AF1E3A98-6DAD-4DCB-AD4C-DA7891E3A366}"
	ProjectSection(SolutionItems) = preProject
		arrays.lime = arrays.lime
		arrays_genZ.lime = arrays_genZ.lime
		mandelbrot.lime = mandelbrot.lime
		mandelbrot_genZ.lime = mandelbrot_genZ.lime
	EndProjectSection
EndProject
Global
	GlobalSection(SolutionConfigurationPlatforms) = preSolution
		Debug|Any CPU = Debug|Any CPU
		Release|Any CPU = Release|Any CPU
	EndGlobalSection
	GlobalSection(ProjectConfigurationPlatforms) = postSolution
		{7917A208-9FDC-4B19-955A-436A0A1D19B7}.Debug|Any CPU.ActiveCfg = Debug|Any CPU
		{7917A208-9FDC-4B19-955A-436A0A1D19B7}.Debug|Any CPU.Build.0 = Debug|Any CPU
		{7917A208-9FDC-4B19-955A-436A0A1D19B7}.Release|Any CPU.ActiveCfg = Release|Any CPU
		{7917A208-9FDC-4B19-955A-436A0A1D19B7}.Release|Any CPU.Build.0 = Release|Any CPU
		{E1464959-2BC0-4773-B4DD-509E5539BABB}.Debug|Any CPU.ActiveCfg = Debug|Any CPU
		{E1464959-2BC0-4773-B4DD-509E5539BABB}.Debug|Any CPU.Build.0 = Debug|Any CPU
		{E1464959-2BC0-4773-B4DD-509E5539BABB}.Release|Any CPU.ActiveCfg = Release|Any CPU
		{E1464959-2BC0-4773-B4DD-509E5539BABB}.Release|Any CPU.Build.0 = Release|Any CPU
	EndGlobalSection
	GlobalSection(SolutionProperties) = preSolution
		HideSolutionNode = FALSE
	EndGlobalSection
	GlobalSection(NestedProjects) = preSolution
		{AF1E3A98-6DAD-4DCB-AD4C-DA7891E3A366} = {6AEB633C-33C5-4C3E-936A-6C90364B2DE6}
	EndGlobalSection
	GlobalSection(ExtensibilityGlobals) = postSolution
		SolutionGuid = {02E38F00-DE72-48D0-8694-A264C93782E5}
	EndGlobalSection
EndGlobal
